
Microsoft Visual Studio Solution File, Format Version 12.00
# Visual Studio 15
VisualStudioVersion = 15.0.28307.1062
MinimumVisualStudioVersion = 10.0.40219.1
Project("{FAE04EC0-301F-11D3-BF4B-00C04F79EFBC}") = "typicalIDE", "typicalIDE\typicalIDE.csproj", "{2B6A8321-FB64-41CC-9C24-100ABB50BD73}"
EndProject
Project("{FAE04EC0-301F-11D3-BF4B-00C04F79EFBC}") = "IDEThemes", "IDETHemes\IDEThemes.csproj", "{F6956604-0D1F-4C2E-8591-5FFF806A3D84}"
EndProject
Project("{FAE04EC0-301F-11D3-BF4B-00C04F79EFBC}") = "CodeBox", "CodeBox\CodeBox.csproj", "{AE5DD141-679D-4A62-9074-429718D808BE}"
EndProject
Global
	GlobalSection(SolutionConfigurationPlatforms) = preSolution
		Debug|Any CPU = Debug|Any CPU
		Release|Any CPU = Release|Any CPU
	EndGlobalSection
	GlobalSection(ProjectConfigurationPlatforms) = postSolution
		{2B6A8321-FB64-41CC-9C24-100ABB50BD73}.Debug|Any CPU.ActiveCfg = Debug|Any CPU
		{2B6A8321-FB64-41CC-9C24-100ABB50BD73}.Debug|Any CPU.Build.0 = Debug|Any CPU
		{2B6A8321-FB64-41CC-9C24-100ABB50BD73}.Release|Any CPU.ActiveCfg = Release|Any CPU
		{2B6A8321-FB64-41CC-9C24-100ABB50BD73}.Release|Any CPU.Build.0 = Release|Any CPU
		{F6956604-0D1F-4C2E-8591-5FFF806A3D84}.Debug|Any CPU.ActiveCfg = Debug|Any CPU
		{F6956604-0D1F-4C2E-8591-5FFF806A3D84}.Debug|Any CPU.Build.0 = Debug|Any CPU
		{F6956604-0D1F-4C2E-8591-5FFF806A3D84}.Release|Any CPU.ActiveCfg = Release|Any CPU
		{F6956604-0D1F-4C2E-8591-5FFF806A3D84}.Release|Any CPU.Build.0 = Release|Any CPU
		{AE5DD141-679D-4A62-9074-429718D808BE}.Debug|Any CPU.ActiveCfg = Debug|Any CPU
		{AE5DD141-679D-4A62-9074-429718D808BE}.Debug|Any CPU.Build.0 = Debug|Any CPU
		{AE5DD141-679D-4A62-9074-429718D808BE}.Release|Any CPU.ActiveCfg = Release|Any CPU
		{AE5DD141-679D-4A62-9074-429718D808BE}.Release|Any CPU.Build.0 = Release|Any CPU
	EndGlobalSection
	GlobalSection(SolutionProperties) = preSolution
		HideSolutionNode = FALSE
	EndGlobalSection
	GlobalSection(ExtensibilityGlobals) = postSolution
		SolutionGuid = {0E66D9D3-6F98-4F46-B742-4639BD954710}
	EndGlobalSection
EndGlobal
